# @generated - this file is auto-generated by `mise lock` https://mise.jdx.dev/dev-tools/mise-lock.html

lockfile_version = 1

[[tools.go]]
version = "1.27.2"
backend = "core:go"
specifiers = ["1.27.2"]

[tools.go."platforms.linux-arm64"]
checksum = "sha256:94f3e30b8e374bc285e7dadc11e0865726b9bc6e85b841ccceaabc0214c6b7c8"
url = "https://dl.google.com/go/go1.27.2.linux-arm64.tar.gz"

[tools.go."platforms.linux-x64"]
checksum = "sha256:ecbadb99091a3f46e31f5f934b068b1864eafa7995211b39eaddf76996045fe5"
url = "https://dl.google.com/go/go1.27.2.linux-amd64.tar.gz"

[tools.go."platforms.windows-x64"]
checksum = "sha256:1314008898bd40df77af4b014f777f08873dbdfbcd3d92308728ee03304fe04f"
url = "https://dl.google.com/go/go1.27.2.windows-amd64.zip"

[[tools.node]]
version = "24.19.0"
backend = "core:node"
specifiers = ["24.19.0"]

[tools.node."platforms.linux-arm64"]
checksum = "sha256:d28c8a5bf0a808f0ed434a1dce8c54ae98f0371c0bd86ac58abc613f73e6643f"
url = "https://nodejs.org/dist/v24.19.0/node-v24.19.0-linux-arm64.tar.gz"

[tools.node."platforms.linux-x64"]
checksum = "sha256:f625d97cd707df4ff96254916fbc5ff014f09c09effe5a1e0ca8f6d41a8789d4"
url = "https://nodejs.org/dist/v24.19.0/node-v24.19.0-linux-x64.tar.gz"

[tools.node."platforms.windows-x64"]
checksum = "sha256:57f71ab3652e797d84acddc79c81cc9ff1c6ddb2a1974cdb83f00fee9bff4c73"
url = "https://nodejs.org/dist/v24.19.0/node-v24.19.0-win-x64.zip"

[[tools.pnpm]]
version = "11.24.0"
backend = "aqua:pnpm/pnpm"
specifiers = ["11.24.0"]

[tools.pnpm."platforms.linux-arm64"]
checksum = "sha256:52f9cd410ef3bbb1cdd79c399b27772fa6d929bc3cf7c80ff3923a81e1c93be3"
url = "https://github.com/pnpm/pnpm/releases/download/v11.24.0/pnpm-linux-arm64.tar.gz"
url_api = "https://api.github.com/repos/pnpm/pnpm/releases/assets/527747053"
provenance = "github-attestations"

[tools.pnpm."platforms.linux-x64"]
checksum = "sha256:0a9b76dedb5fe8cc5e7f3a9fd70854181cfb08a487ebaf0c9cfb044dc860936c"
url = "https://github.com/pnpm/pnpm/releases/download/v11.24.0/pnpm-linux-x64.tar.gz"
url_api = "https://api.github.com/repos/pnpm/pnpm/releases/assets/527747059"
provenance = "github-attestations"

[tools.pnpm."platforms.windows-x64"]
checksum = "sha256:c5ca642230551342a9fffafe508c181f346e2c79fcae2b1cae4c37ceb423481a"
url = "https://github.com/pnpm/pnpm/releases/download/v11.24.0/pnpm-win32-x64.zip"
url_api = "https://api.github.com/repos/pnpm/pnpm/releases/assets/527747055"
provenance = "github-attestations"
